
Microsoft Visual Studio Solution File, Format Version 12.00
# Visual Studio Version 16
VisualStudioVersion = 16.0.30503.244
MinimumVisualStudioVersion = 10.0.40219.1
Project("{8BC9CEB8-8B4A-11D0-8D11-00A0C91BC942}") = "MonciCPPExmples", "MonciCPPExmples.vcxproj", "{886E7835-376A-48A3-BD97-E58E357A0EEA}"
EndProject
Project("{8BC9CEB8-8B4A-11D0-8D11-00A0C91BC942}") = "EnumsPlayerStutusConsole", "..\EnumsPlayerStutusConsole\EnumsPlayerStutusConsole.vcxproj", "{69F1EE05-A8DD-4C75-AD65-D573EC3660B3}"
EndProject
Project("{8BC9CEB8-8B4A-11D0-8D11-00A0C91BC942}") = "SwtichStatement_PlayerStatus", "..\SwtichStatement_PlayerStatus\SwtichStatement_PlayerStatus.vcxproj", "{00BCC77F-801F-4361-91D5-2099EC9258D1}"
EndProject
Project("{8BC9CEB8-8B4A-11D0-8D11-00A0C91BC942}") = "ScopedEnums", "..\ScopedEnums\ScopedEnums.vcxproj", "{288BD6CB-9765-402A-AAAA-E2C6A5CFFCFD}"
EndProject
Project("{8BC9CEB8-8B4A-11D0-8D11-00A0C91BC942}") = "Struct_CharactorData", "..\Struct_CharactorData\Struct_CharactorData.vcxproj", "{23B42593-6FD6-4BED-A891-89F992F6E805}"
EndProject
Project("{8BC9CEB8-8B4A-11D0-8D11-00A0C91BC942}") = "Pointers_Example01", "..\Pointers_Example01\Pointers_Example01.vcxproj", "{A58D49C3-85A6-4975-9984-1E4FDD238ABD}"
EndProject
Project("{8BC9CEB8-8B4A-11D0-8D11-00A0C91BC942}") = "Pointer_Example02", "..\Pointer_Example02\Pointer_Example02.vcxproj", "{36A4CD0A-6B84-4B3E-832D-06671C59CF1E}"
EndProject
Project("{8BC9CEB8-8B4A-11D0-8D11-00A0C91BC942}") = "ObjectsAndClasses_Example01", "..\ObjectsAndClasses_Example01\ObjectsAndClasses_Example01.vcxproj", "{798A8173-8345-40B5-B37C-C74F98C1A092}"
EndProject
Project("{8BC9CEB8-8B4A-11D0-8D11-00A0C91BC942}") = "ObjectsAndClasses_ConstructerOverloading", "..\ObjectsAndClasses_ConstructerOverloading\ObjectsAndClasses_ConstructerOverloading.vcxproj", "{245E831A-E11B-4E09-8355-535815043797}"
EndProject
Project("{8BC9CEB8-8B4A-11D0-8D11-00A0C91BC942}") = "Stucts_Creation", "..\Stucts_Creation\Stucts_Creation.vcxproj", "{69D1A3A2-9D3C-4230-A2DC-F170D4C21E88}"
EndProject
Project("{8BC9CEB8-8B4A-11D0-8D11-00A0C91BC942}") = "ObjectsAndClasses_Inheritance", "..\ObjectsAndClasses_Inheritance\ObjectsAndClasses_Inheritance.vcxproj", "{D68F1F04-8293-49D5-9151-45000C7CCC61}"
EndProject
Project("{8BC9CEB8-8B4A-11D0-8D11-00A0C91BC942}") = "ObjectsAndClasses_AccessModifiers", "..\ObjectsAndClasses_AccessModifiers\ObjectsAndClasses_AccessModifiers.vcxproj", "{0A59C97E-A285-4D2B-97BD-7018A869FFF3}"
EndProject
Project("{8BC9CEB8-8B4A-11D0-8D11-00A0C91BC942}") = "StackHeap_DynamicMemory", "..\StackHeap_DynamicMemory\StackHeap_DynamicMemory.vcxproj", "{48085DFC-562F-4F53-AADE-E96DCD106EEE}"
EndProject
Project("{8BC9CEB8-8B4A-11D0-8D11-00A0C91BC942}") = "VirtualFuncitons_Example01", "..\VirtualFuncitons_Example01\VirtualFuncitons_Example01.vcxproj", "{A2EA1736-1E63-487D-A103-D320A9E58420}"
EndProject
Project("{8BC9CEB8-8B4A-11D0-8D11-00A0C91BC942}") = "Destructors_Example01", "..\Destructors_Example01\Destructors_Example01.vcxproj", "{E2AED1A0-4EDC-40DA-AD9A-FAC009F5A188}"
EndProject
Project("{8BC9CEB8-8B4A-11D0-8D11-00A0C91BC942}") = "Static_Example01", "..\Static_Example01\Static_Example01.vcxproj", "{84C209A9-6B52-4263-97AB-139EC008EA57}"
EndProject
Project("{8BC9CEB8-8B4A-11D0-8D11-00A0C91BC942}") = "Static_Example02", "..\Static_Example02\Static_Example02.vcxproj", "{E176BCBD-2B73-4750-AFB0-935B0B4BE535}"
EndProject
Project("{8BC9CEB8-8B4A-11D0-8D11-00A0C91BC942}") = "Destructors_ScopeToCallDestructors", "..\Destructors_ScopeToCallDestructors\Destructors_ScopeToCallDestructors.vcxproj", "{0276C7C5-2951-4A9C-9E93-178D84F9D6D7}"
EndProject
Project("{8BC9CEB8-8B4A-11D0-8D11-00A0C91BC942}") = "Static_Example03", "..\Static_Example03\Static_Example03.vcxproj", "{DCA0BB7C-A7AD-446C-A2C6-7612DD627006}"
EndProject
Project("{8BC9CEB8-8B4A-11D0-8D11-00A0C91BC942}") = "Polymorphism_example01", "..\Polymorphism_example01\Polymorphism_example01.vcxproj", "{711B3EB3-0603-47D9-914C-20FF78ED18A6}"
EndProject
Project("{8BC9CEB8-8B4A-11D0-8D11-00A0C91BC942}") = "MultipleInheritance_Example01", "..\MultipleInheritance_Example01\MultipleInheritance_Example01.vcxproj", "{4BA5B205-5193-42F6-A5CB-514D7F96FF5F}"
EndProject
Project("{8BC9CEB8-8B4A-11D0-8D11-00A0C91BC942}") = "Casting_Example01", "..\Casting_Example01\Casting_Example01.vcxproj", "{4636F80D-7279-4094-AD67-7E33142E35F2}"
EndProject
Project("{8BC9CEB8-8B4A-11D0-8D11-00A0C91BC942}") = "HeaderFiles_Example01", "..\HeaderFiles_Example01\HeaderFiles_Example01.vcxproj", "{9A7D50F5-0C2D-4B43-BE47-284C4F304EC5}"
EndProject
Project("{8BC9CEB8-8B4A-11D0-8D11-00A0C91BC942}") = "Classes_ExampleCar", "..\Classes_ExampleCar\Classes_ExampleCar.vcxproj", "{5E24B164-A172-42A4-988D-D5F16C3C725A}"
EndProject
Project("{8BC9CEB8-8B4A-11D0-8D11-00A0C91BC942}") = "PreprocessorDirectives_define", "..\PreprocessorDirectives_define\PreprocessorDirectives_define.vcxproj", "{861C6699-6BE4-40F9-AC8F-09F2B73304EB}"
EndProject
Project("{8BC9CEB8-8B4A-11D0-8D11-00A0C91BC942}") = "PreprocessorDirectives_ConditionalInclusions", "..\PreprocessorDirectives_ConditionalInclusions\PreprocessorDirectives_ConditionalInclusions.vcxproj", "{722E2A55-95E0-47BF-9FFC-BED334ABC96A}"
EndProject
Project("{8BC9CEB8-8B4A-11D0-8D11-00A0C91BC942}") = "FunctionTemplates_Example01", "..\FunctionTemplates_Example01\FunctionTemplates_Example01.vcxproj", "{85E6A8F7-8C7A-4810-892B-E50D1ED3381E}"
EndProject
Project("{8BC9CEB8-8B4A-11D0-8D11-00A0C91BC942}") = "FunctionTemplates_Example02", "..\FunctionTemplates_Example02\FunctionTemplates_Example02.vcxproj", "{09787D02-34F7-4DF7-956A-90C7F7418E42}"
EndProject
Project("{8BC9CEB8-8B4A-11D0-8D11-00A0C91BC942}") = "ClassTamplates_Example01", "..\ClassTamplates_Example01\ClassTamplates_Example01.vcxproj", "{F1E0F5B0-2453-4957-8AE8-1586CEB5D3AB}"
EndProject
Project("{8BC9CEB8-8B4A-11D0-8D11-00A0C91BC942}") = "ClassTemplates_Example02", "..\ClassTemplates_Example02\ClassTemplates_Example02.vcxproj", "{E1F22E91-A6E6-48A1-B703-523D689CF287}"
EndProject
Project("{8BC9CEB8-8B4A-11D0-8D11-00A0C91BC942}") = "ClassTemplates_TemplateSpecialization", "..\ClassTemplates_TemplateSpecialization\ClassTemplates_TemplateSpecialization.vcxproj", "{6C79EB8C-F67A-469B-9158-7849C3DD6964}"
EndProject
Project("{8BC9CEB8-8B4A-11D0-8D11-00A0C91BC942}") = "ClassTemplates_Not-typeParameters", "..\ClassTemplates_Not-typeParameters\ClassTemplates_Not-typeParameters.vcxproj", "{EB946FAB-F187-40A8-B1D3-1B80FC586CDC}"
EndProject
Project("{8BC9CEB8-8B4A-11D0-8D11-00A0C91BC942}") = "ClassesAndObjects_DefaultConstructor", "..\ClassesAndObjects_DefaultConstructor\ClassesAndObjects_DefaultConstructor.vcxproj", "{7E9A1E85-F901-4773-8704-B4FDBA861545}"
EndProject
Project("{8BC9CEB8-8B4A-11D0-8D11-00A0C91BC942}") = "TestDebug", "..\TestDebug\TestDebug.vcxproj", "{245C0D10-BD1A-4A49-B824-F3F7F7CC52C5}"
EndProject
Project("{8BC9CEB8-8B4A-11D0-8D11-00A0C91BC942}") = "ClassesAndObjects_ConstructorInitializationLists", "..\ClassesAndObjects_ConstructorInitializationLists\ClassesAndObjects_ConstructorInitializationLists.vcxproj", "{318A2C28-374C-4FD1-8CCD-1F656C255B17}"
EndProject
Project("{2150E333-8FDC-42A3-9474-1A3956D46DE8}") = "ClassesAndObjects", "ClassesAndObjects", "{D4172AEA-F592-40D2-8F0A-785541B73A35}"
EndProject
Project("{8BC9CEB8-8B4A-11D0-8D11-00A0C91BC942}") = "ClassesAndObjects_DelegatingConstructors", "..\ClassesAndObjects_DelegatingConstructors\ClassesAndObjects_DelegatingConstructors.vcxproj", "{B2DA6359-3E0D-4FEE-8A66-E0CB37C9F44F}"
EndProject
Project("{8BC9CEB8-8B4A-11D0-8D11-00A0C91BC942}") = "ClassesAndObjects_DefaultConstructorParameters", "..\ClassesAndObjects_DefaultConstructorParameters\ClassesAndObjects_DefaultConstructorParameters.vcxproj", "{B13BDFD6-AC3F-4B68-A860-4E42FB494BAC}"
EndProject
Project("{8BC9CEB8-8B4A-11D0-8D11-00A0C91BC942}") = "ClassesAndObject_CopyConstructor", "..\ClassesAndObject_CopyConstructor\ClassesAndObject_CopyConstructor.vcxproj", "{A6FF2FAC-100B-42E1-9C40-1C7030E24AF6}"
EndProject
Project("{8BC9CEB8-8B4A-11D0-8D11-00A0C91BC942}") = "ClassesAndObject_ShallowCopy", "..\ClassesAndObject_ShallowCopy\ClassesAndObject_ShallowCopy.vcxproj", "{F641812E-EAC6-4F4C-AC30-FD482011E195}"
EndProject
Project("{8BC9CEB8-8B4A-11D0-8D11-00A0C91BC942}") = "ClassesAndObject_DeepCopy", "..\ClassesAndObject_DeepCopy\ClassesAndObject_DeepCopy.vcxproj", "{594C592B-0BC8-4830-A530-E1E165812F17}"
EndProject
Project("{8BC9CEB8-8B4A-11D0-8D11-00A0C91BC942}") = "ClassesAndObject_MoveConstructor", "..\ClassesAndObject_MoveConstructor\ClassesAndObject_MoveConstructor.vcxproj", "{89686168-309B-403D-BE24-32CD741FAFAF}"
EndProject
Project("{8BC9CEB8-8B4A-11D0-8D11-00A0C91BC942}") = "ClassesAndObject_thisPointer", "..\ClassesAndObject_thisPointer\ClassesAndObject_thisPointer.vcxproj", "{FC14FB97-0DB0-4693-81EC-798BDC475B8A}"
EndProject
Project("{8BC9CEB8-8B4A-11D0-8D11-00A0C91BC942}") = "ClassesAndObject_reference_example001", "..\ClassesAndObject_reference_example001\ClassesAndObject_reference_example001.vcxproj", "{DC6CF657-487C-4C8B-B8FD-4FF1CC904BF2}"
EndProject
Project("{8BC9CEB8-8B4A-11D0-8D11-00A0C91BC942}") = "ClassesAndObject_constInClass", "..\ClassesAndObject_constInClass\ClassesAndObject_constInClass.vcxproj", "{97655BD6-A16B-4673-803D-A2B646881E5E}"
EndProject
Project("{8BC9CEB8-8B4A-11D0-8D11-00A0C91BC942}") = "ClassAndOjbect_StaticClassMembers", "..\ClassAndOjbect_StaticClassMembers\ClassAndOjbect_StaticClassMembers.vcxproj", "{B5FEEE7D-D258-4C55-A3FD-0F65C2314D5F}"
EndProject
Project("{8BC9CEB8-8B4A-11D0-8D11-00A0C91BC942}") = "ClassesAndObject_references_lvalue_rvalue", "..\ClassesAndObject_references_lvalue_rvalue\ClassesAndObject_references_lvalue_rvalue.vcxproj", "{463984B9-813C-4337-ABBF-55ED0712B12F}"
EndProject
Project("{2150E333-8FDC-42A3-9474-1A3956D46DE8}") = "OperatorOverloading", "OperatorOverloading", "{400E0F32-EBE9-4089-B595-93DC3937BD70}"
EndProject
Project("{8BC9CEB8-8B4A-11D0-8D11-00A0C91BC942}") = "OperatorOverloading_Mystring-start", "..\OperatorOverloading_Mystring-start\OperatorOverloading_Mystring-start.vcxproj", "{0E2F7B68-846B-4CAC-8DEC-B844B272864F}"
EndProject
Project("{2150E333-8FDC-42A3-9474-1A3956D46DE8}") = "CharactersAndStrings", "CharactersAndStrings", "{BF30D930-03E7-44D6-840E-6D56BE38E9F2}"
EndProject
Project("{8BC9CEB8-8B4A-11D0-8D11-00A0C91BC942}") = "CharactersAndStrings_CStyleStrings", "..\CharactersAndStrings_CStyleStrings\CharactersAndStrings_CStyleStrings.vcxproj", "{ECC2C4B0-643E-47B6-9722-BFD9D576FE57}"
EndProject
Project("{8BC9CEB8-8B4A-11D0-8D11-00A0C91BC942}") = "CharactersAndStrings_CStyleStrings2", "..\CharactersAndStrings_CStyleStrings2\CharactersAndStrings_CStyleStrings2.vcxproj", "{D8E5EE85-BBDB-4A2C-95A1-5186FC604E9D}"
EndProject
Project("{8BC9CEB8-8B4A-11D0-8D11-00A0C91BC942}") = "ClassesAndObject_CopyConstructor02", "..\ClassesAndObject_CopyConstructor02\ClassesAndObject_CopyConstructor02.vcxproj", "{4008C914-1A00-451A-89C2-A43C811430DA}"
EndProject
Global
	GlobalSection(SolutionConfigurationPlatforms) = preSolution
		Debug|x64 = Debug|x64
		Debug|x86 = Debug|x86
		Release|x64 = Release|x64
		Release|x86 = Release|x86
	EndGlobalSection
	GlobalSection(ProjectConfigurationPlatforms) = postSolution
		{886E7835-376A-48A3-BD97-E58E357A0EEA}.Debug|x64.ActiveCfg = Debug|x64
		{886E7835-376A-48A3-BD97-E58E357A0EEA}.Debug|x64.Build.0 = Debug|x64
		{886E7835-376A-48A3-BD97-E58E357A0EEA}.Debug|x86.ActiveCfg = Debug|Win32
		{886E7835-376A-48A3-BD97-E58E357A0EEA}.Debug|x86.Build.0 = Debug|Win32
		{886E7835-376A-48A3-BD97-E58E357A0EEA}.Release|x64.ActiveCfg = Release|x64
		{886E7835-376A-48A3-BD97-E58E357A0EEA}.Release|x64.Build.0 = Release|x64
		{886E7835-376A-48A3-BD97-E58E357A0EEA}.Release|x86.ActiveCfg = Release|Win32
		{886E7835-376A-48A3-BD97-E58E357A0EEA}.Release|x86.Build.0 = Release|Win32
		{69F1EE05-A8DD-4C75-AD65-D573EC3660B3}.Debug|x64.ActiveCfg = Debug|x64
		{69F1EE05-A8DD-4C75-AD65-D573EC3660B3}.Debug|x64.Build.0 = Debug|x64
		{69F1EE05-A8DD-4C75-AD65-D573EC3660B3}.Debug|x86.ActiveCfg = Debug|Win32
		{69F1EE05-A8DD-4C75-AD65-D573EC3660B3}.Debug|x86.Build.0 = Debug|Win32
		{69F1EE05-A8DD-4C75-AD65-D573EC3660B3}.Release|x64.ActiveCfg = Release|x64
		{69F1EE05-A8DD-4C75-AD65-D573EC3660B3}.Release|x64.Build.0 = Release|x64
		{69F1EE05-A8DD-4C75-AD65-D573EC3660B3}.Release|x86.ActiveCfg = Release|Win32
		{69F1EE05-A8DD-4C75-AD65-D573EC3660B3}.Release|x86.Build.0 = Release|Win32
		{00BCC77F-801F-4361-91D5-2099EC9258D1}.Debug|x64.ActiveCfg = Debug|x64
		{00BCC77F-801F-4361-91D5-2099EC9258D1}.Debug|x64.Build.0 = Debug|x64
		{00BCC77F-801F-4361-91D5-2099EC9258D1}.Debug|x86.ActiveCfg = Debug|Win32
		{00BCC77F-801F-4361-91D5-2099EC9258D1}.Debug|x86.Build.0 = Debug|Win32
		{00BCC77F-801F-4361-91D5-2099EC9258D1}.Release|x64.ActiveCfg = Release|x64
		{00BCC77F-801F-4361-91D5-2099EC9258D1}.Release|x64.Build.0 = Release|x64
		{00BCC77F-801F-4361-91D5-2099EC9258D1}.Release|x86.ActiveCfg = Release|Win32
		{00BCC77F-801F-4361-91D5-2099EC9258D1}.Release|x86.Build.0 = Release|Win32
		{288BD6CB-9765-402A-AAAA-E2C6A5CFFCFD}.Debug|x64.ActiveCfg = Debug|x64
		{288BD6CB-9765-402A-AAAA-E2C6A5CFFCFD}.Debug|x64.Build.0 = Debug|x64
		{288BD6CB-9765-402A-AAAA-E2C6A5CFFCFD}.Debug|x86.ActiveCfg = Debug|Win32
		{288BD6CB-9765-402A-AAAA-E2C6A5CFFCFD}.Debug|x86.Build.0 = Debug|Win32
		{288BD6CB-9765-402A-AAAA-E2C6A5CFFCFD}.Release|x64.ActiveCfg = Release|x64
		{288BD6CB-9765-402A-AAAA-E2C6A5CFFCFD}.Release|x64.Build.0 = Release|x64
		{288BD6CB-9765-402A-AAAA-E2C6A5CFFCFD}.Release|x86.ActiveCfg = Release|Win32
		{288BD6CB-9765-402A-AAAA-E2C6A5CFFCFD}.Release|x86.Build.0 = Release|Win32
		{23B42593-6FD6-4BED-A891-89F992F6E805}.Debug|x64.ActiveCfg = Debug|x64
		{23B42593-6FD6-4BED-A891-89F992F6E805}.Debug|x64.Build.0 = Debug|x64
		{23B42593-6FD6-4BED-A891-89F992F6E805}.Debug|x86.ActiveCfg = Debug|Win32
		{23B42593-6FD6-4BED-A891-89F992F6E805}.Debug|x86.Build.0 = Debug|Win32
		{23B42593-6FD6-4BED-A891-89F992F6E805}.Release|x64.ActiveCfg = Release|x64
		{23B42593-6FD6-4BED-A891-89F992F6E805}.Release|x64.Build.0 = Release|x64
		{23B42593-6FD6-4BED-A891-89F992F6E805}.Release|x86.ActiveCfg = Release|Win32
		{23B42593-6FD6-4BED-A891-89F992F6E805}.Release|x86.Build.0 = Release|Win32
		{A58D49C3-85A6-4975-9984-1E4FDD238ABD}.Debug|x64.ActiveCfg = Debug|x64
		{A58D49C3-85A6-4975-9984-1E4FDD238ABD}.Debug|x64.Build.0 = Debug|x64
		{A58D49C3-85A6-4975-9984-1E4FDD238ABD}.Debug|x86.ActiveCfg = Debug|Win32
		{A58D49C3-85A6-4975-9984-1E4FDD238ABD}.Debug|x86.Build.0 = Debug|Win32
		{A58D49C3-85A6-4975-9984-1E4FDD238ABD}.Release|x64.ActiveCfg = Release|x64
		{A58D49C3-85A6-4975-9984-1E4FDD238ABD}.Release|x64.Build.0 = Release|x64
		{A58D49C3-85A6-4975-9984-1E4FDD238ABD}.Release|x86.ActiveCfg = Release|Win32
		{A58D49C3-85A6-4975-9984-1E4FDD238ABD}.Release|x86.Build.0 = Release|Win32
		{36A4CD0A-6B84-4B3E-832D-06671C59CF1E}.Debug|x64.ActiveCfg = Debug|x64
		{36A4CD0A-6B84-4B3E-832D-06671C59CF1E}.Debug|x64.Build.0 = Debug|x64
		{36A4CD0A-6B84-4B3E-832D-06671C59CF1E}.Debug|x86.ActiveCfg = Debug|Win32
		{36A4CD0A-6B84-4B3E-832D-06671C59CF1E}.Debug|x86.Build.0 = Debug|Win32
		{36A4CD0A-6B84-4B3E-832D-06671C59CF1E}.Release|x64.ActiveCfg = Release|x64
		{36A4CD0A-6B84-4B3E-832D-06671C59CF1E}.Release|x64.Build.0 = Release|x64
		{36A4CD0A-6B84-4B3E-832D-06671C59CF1E}.Release|x86.ActiveCfg = Release|Win32
		{36A4CD0A-6B84-4B3E-832D-06671C59CF1E}.Release|x86.Build.0 = Release|Win32
		{798A8173-8345-40B5-B37C-C74F98C1A092}.Debug|x64.ActiveCfg = Debug|x64
		{798A8173-8345-40B5-B37C-C74F98C1A092}.Debug|x64.Build.0 = Debug|x64
		{798A8173-8345-40B5-B37C-C74F98C1A092}.Debug|x86.ActiveCfg = Debug|Win32
		{798A8173-8345-40B5-B37C-C74F98C1A092}.Debug|x86.Build.0 = Debug|Win32
		{798A8173-8345-40B5-B37C-C74F98C1A092}.Release|x64.ActiveCfg = Release|x64
		{798A8173-8345-40B5-B37C-C74F98C1A092}.Release|x64.Build.0 = Release|x64
		{798A8173-8345-40B5-B37C-C74F98C1A092}.Release|x86.ActiveCfg = Release|Win32
		{798A8173-8345-40B5-B37C-C74F98C1A092}.Release|x86.Build.0 = Release|Win32
		{245E831A-E11B-4E09-8355-535815043797}.Debug|x64.ActiveCfg = Debug|x64
		{245E831A-E11B-4E09-8355-535815043797}.Debug|x64.Build.0 = Debug|x64
		{245E831A-E11B-4E09-8355-535815043797}.Debug|x86.ActiveCfg = Debug|Win32
		{245E831A-E11B-4E09-8355-535815043797}.Debug|x86.Build.0 = Debug|Win32
		{245E831A-E11B-4E09-8355-535815043797}.Release|x64.ActiveCfg = Release|x64
		{245E831A-E11B-4E09-8355-535815043797}.Release|x64.Build.0 = Release|x64
		{245E831A-E11B-4E09-8355-535815043797}.Release|x86.ActiveCfg = Release|Win32
		{245E831A-E11B-4E09-8355-535815043797}.Release|x86.Build.0 = Release|Win32
		{69D1A3A2-9D3C-4230-A2DC-F170D4C21E88}.Debug|x64.ActiveCfg = Debug|x64
		{69D1A3A2-9D3C-4230-A2DC-F170D4C21E88}.Debug|x64.Build.0 = Debug|x64
		{69D1A3A2-9D3C-4230-A2DC-F170D4C21E88}.Debug|x86.ActiveCfg = Debug|Win32
		{69D1A3A2-9D3C-4230-A2DC-F170D4C21E88}.Debug|x86.Build.0 = Debug|Win32
		{69D1A3A2-9D3C-4230-A2DC-F170D4C21E88}.Release|x64.ActiveCfg = Release|x64
		{69D1A3A2-9D3C-4230-A2DC-F170D4C21E88}.Release|x64.Build.0 = Release|x64
		{69D1A3A2-9D3C-4230-A2DC-F170D4C21E88}.Release|x86.ActiveCfg = Release|Win32
		{69D1A3A2-9D3C-4230-A2DC-F170D4C21E88}.Release|x86.Build.0 = Release|Win32
		{D68F1F04-8293-49D5-9151-45000C7CCC61}.Debug|x64.ActiveCfg = Debug|x64
		{D68F1F04-8293-49D5-9151-45000C7CCC61}.Debug|x64.Build.0 = Debug|x64
		{D68F1F04-8293-49D5-9151-45000C7CCC61}.Debug|x86.ActiveCfg = Debug|Win32
		{D68F1F04-8293-49D5-9151-45000C7CCC61}.Debug|x86.Build.0 = Debug|Win32
		{D68F1F04-8293-49D5-9151-45000C7CCC61}.Release|x64.ActiveCfg = Release|x64
		{D68F1F04-8293-49D5-9151-45000C7CCC61}.Release|x64.Build.0 = Release|x64
		{D68F1F04-8293-49D5-9151-45000C7CCC61}.Release|x86.ActiveCfg = Release|Win32
		{D68F1F04-8293-49D5-9151-45000C7CCC61}.Release|x86.Build.0 = Release|Win32
		{0A59C97E-A285-4D2B-97BD-7018A869FFF3}.Debug|x64.ActiveCfg = Debug|x64
		{0A59C97E-A285-4D2B-97BD-7018A869FFF3}.Debug|x64.Build.0 = Debug|x64
		{0A59C97E-A285-4D2B-97BD-7018A869FFF3}.Debug|x86.ActiveCfg = Debug|Win32
		{0A59C97E-A285-4D2B-97BD-7018A869FFF3}.Debug|x86.Build.0 = Debug|Win32
		{0A59C97E-A285-4D2B-97BD-7018A869FFF3}.Release|x64.ActiveCfg = Release|x64
		{0A59C97E-A285-4D2B-97BD-7018A869FFF3}.Release|x64.Build.0 = Release|x64
		{0A59C97E-A285-4D2B-97BD-7018A869FFF3}.Release|x86.ActiveCfg = Release|Win32
		{0A59C97E-A285-4D2B-97BD-7018A869FFF3}.Release|x86.Build.0 = Release|Win32
		{48085DFC-562F-4F53-AADE-E96DCD106EEE}.Debug|x64.ActiveCfg = Debug|x64
		{48085DFC-562F-4F53-AADE-E96DCD106EEE}.Debug|x64.Build.0 = Debug|x64
		{48085DFC-562F-4F53-AADE-E96DCD106EEE}.Debug|x86.ActiveCfg = Debug|Win32
		{48085DFC-562F-4F53-AADE-E96DCD106EEE}.Debug|x86.Build.0 = Debug|Win32
		{48085DFC-562F-4F53-AADE-E96DCD106EEE}.Release|x64.ActiveCfg = Release|x64
		{48085DFC-562F-4F53-AADE-E96DCD106EEE}.Release|x64.Build.0 = Release|x64
		{48085DFC-562F-4F53-AADE-E96DCD106EEE}.Release|x86.ActiveCfg = Release|Win32
		{48085DFC-562F-4F53-AADE-E96DCD106EEE}.Release|x86.Build.0 = Release|Win32
		{A2EA1736-1E63-487D-A103-D320A9E58420}.Debug|x64.ActiveCfg = Debug|x64
		{A2EA1736-1E63-487D-A103-D320A9E58420}.Debug|x64.Build.0 = Debug|x64
		{A2EA1736-1E63-487D-A103-D320A9E58420}.Debug|x86.ActiveCfg = Debug|Win32
		{A2EA1736-1E63-487D-A103-D320A9E58420}.Debug|x86.Build.0 = Debug|Win32
		{A2EA1736-1E63-487D-A103-D320A9E58420}.Release|x64.ActiveCfg = Release|x64
		{A2EA1736-1E63-487D-A103-D320A9E58420}.Release|x64.Build.0 = Release|x64
		{A2EA1736-1E63-487D-A103-D320A9E58420}.Release|x86.ActiveCfg = Release|Win32
		{A2EA1736-1E63-487D-A103-D320A9E58420}.Release|x86.Build.0 = Release|Win32
		{E2AED1A0-4EDC-40DA-AD9A-FAC009F5A188}.Debug|x64.ActiveCfg = Debug|x64
		{E2AED1A0-4EDC-40DA-AD9A-FAC009F5A188}.Debug|x64.Build.0 = Debug|x64
		{E2AED1A0-4EDC-40DA-AD9A-FAC009F5A188}.Debug|x86.ActiveCfg = Debug|Win32
		{E2AED1A0-4EDC-40DA-AD9A-FAC009F5A188}.Debug|x86.Build.0 = Debug|Win32
		{E2AED1A0-4EDC-40DA-AD9A-FAC009F5A188}.Release|x64.ActiveCfg = Release|x64
		{E2AED1A0-4EDC-40DA-AD9A-FAC009F5A188}.Release|x64.Build.0 = Release|x64
		{E2AED1A0-4EDC-40DA-AD9A-FAC009F5A188}.Release|x86.ActiveCfg = Release|Win32
		{E2AED1A0-4EDC-40DA-AD9A-FAC009F5A188}.Release|x86.Build.0 = Release|Win32
		{84C209A9-6B52-4263-97AB-139EC008EA57}.Debug|x64.ActiveCfg = Debug|x64
		{84C209A9-6B52-4263-97AB-139EC008EA57}.Debug|x64.Build.0 = Debug|x64
		{84C209A9-6B52-4263-97AB-139EC008EA57}.Debug|x86.ActiveCfg = Debug|Win32
		{84C209A9-6B52-4263-97AB-139EC008EA57}.Debug|x86.Build.0 = Debug|Win32
		{84C209A9-6B52-4263-97AB-139EC008EA57}.Release|x64.ActiveCfg = Release|x64
		{84C209A9-6B52-4263-97AB-139EC008EA57}.Release|x64.Build.0 = Release|x64
		{84C209A9-6B52-4263-97AB-139EC008EA57}.Release|x86.ActiveCfg = Release|Win32
		{84C209A9-6B52-4263-97AB-139EC008EA57}.Release|x86.Build.0 = Release|Win32
		{E176BCBD-2B73-4750-AFB0-935B0B4BE535}.Debug|x64.ActiveCfg = Debug|x64
		{E176BCBD-2B73-4750-AFB0-935B0B4BE535}.Debug|x64.Build.0 = Debug|x64
		{E176BCBD-2B73-4750-AFB0-935B0B4BE535}.Debug|x86.ActiveCfg = Debug|Win32
		{E176BCBD-2B73-4750-AFB0-935B0B4BE535}.Debug|x86.Build.0 = Debug|Win32
		{E176BCBD-2B73-4750-AFB0-935B0B4BE535}.Release|x64.ActiveCfg = Release|x64
		{E176BCBD-2B73-4750-AFB0-935B0B4BE535}.Release|x64.Build.0 = Release|x64
		{E176BCBD-2B73-4750-AFB0-935B0B4BE535}.Release|x86.ActiveCfg = Release|Win32
		{E176BCBD-2B73-4750-AFB0-935B0B4BE535}.Release|x86.Build.0 = Release|Win32
		{0276C7C5-2951-4A9C-9E93-178D84F9D6D7}.Debug|x64.ActiveCfg = Debug|x64
		{0276C7C5-2951-4A9C-9E93-178D84F9D6D7}.Debug|x64.Build.0 = Debug|x64
		{0276C7C5-2951-4A9C-9E93-178D84F9D6D7}.Debug|x86.ActiveCfg = Debug|Win32
		{0276C7C5-2951-4A9C-9E93-178D84F9D6D7}.Debug|x86.Build.0 = Debug|Win32
		{0276C7C5-2951-4A9C-9E93-178D84F9D6D7}.Release|x64.ActiveCfg = Release|x64
		{0276C7C5-2951-4A9C-9E93-178D84F9D6D7}.Release|x64.Build.0 = Release|x64
		{0276C7C5-2951-4A9C-9E93-178D84F9D6D7}.Release|x86.ActiveCfg = Release|Win32
		{0276C7C5-2951-4A9C-9E93-178D84F9D6D7}.Release|x86.Build.0 = Release|Win32
		{DCA0BB7C-A7AD-446C-A2C6-7612DD627006}.Debug|x64.ActiveCfg = Debug|x64
		{DCA0BB7C-A7AD-446C-A2C6-7612DD627006}.Debug|x64.Build.0 = Debug|x64
		{DCA0BB7C-A7AD-446C-A2C6-7612DD627006}.Debug|x86.ActiveCfg = Debug|Win32
		{DCA0BB7C-A7AD-446C-A2C6-7612DD627006}.Debug|x86.Build.0 = Debug|Win32
		{DCA0BB7C-A7AD-446C-A2C6-7612DD627006}.Release|x64.ActiveCfg = Release|x64
		{DCA0BB7C-A7AD-446C-A2C6-7612DD627006}.Release|x64.Build.0 = Release|x64
		{DCA0BB7C-A7AD-446C-A2C6-7612DD627006}.Release|x86.ActiveCfg = Release|Win32
		{DCA0BB7C-A7AD-446C-A2C6-7612DD627006}.Release|x86.Build.0 = Release|Win32
		{711B3EB3-0603-47D9-914C-20FF78ED18A6}.Debug|x64.ActiveCfg = Debug|x64
		{711B3EB3-0603-47D9-914C-20FF78ED18A6}.Debug|x64.Build.0 = Debug|x64
		{711B3EB3-0603-47D9-914C-20FF78ED18A6}.Debug|x86.ActiveCfg = Debug|Win32
		{711B3EB3-0603-47D9-914C-20FF78ED18A6}.Debug|x86.Build.0 = Debug|Win32
		{711B3EB3-0603-47D9-914C-20FF78ED18A6}.Release|x64.ActiveCfg = Release|x64
		{711B3EB3-0603-47D9-914C-20FF78ED18A6}.Release|x64.Build.0 = Release|x64
		{711B3EB3-0603-47D9-914C-20FF78ED18A6}.Release|x86.ActiveCfg = Release|Win32
		{711B3EB3-0603-47D9-914C-20FF78ED18A6}.Release|x86.Build.0 = Release|Win32
		{4BA5B205-5193-42F6-A5CB-514D7F96FF5F}.Debug|x64.ActiveCfg = Debug|x64
		{4BA5B205-5193-42F6-A5CB-514D7F96FF5F}.Debug|x64.Build.0 = Debug|x64
		{4BA5B205-5193-42F6-A5CB-514D7F96FF5F}.Debug|x86.ActiveCfg = Debug|Win32
		{4BA5B205-5193-42F6-A5CB-514D7F96FF5F}.Debug|x86.Build.0 = Debug|Win32
		{4BA5B205-5193-42F6-A5CB-514D7F96FF5F}.Release|x64.ActiveCfg = Release|x64
		{4BA5B205-5193-42F6-A5CB-514D7F96FF5F}.Release|x64.Build.0 = Release|x64
		{4BA5B205-5193-42F6-A5CB-514D7F96FF5F}.Release|x86.ActiveCfg = Release|Win32
		{4BA5B205-5193-42F6-A5CB-514D7F96FF5F}.Release|x86.Build.0 = Release|Win32
		{4636F80D-7279-4094-AD67-7E33142E35F2}.Debug|x64.ActiveCfg = Debug|x64
		{4636F80D-7279-4094-AD67-7E33142E35F2}.Debug|x64.Build.0 = Debug|x64
		{4636F80D-7279-4094-AD67-7E33142E35F2}.Debug|x86.ActiveCfg = Debug|Win32
		{4636F80D-7279-4094-AD67-7E33142E35F2}.Debug|x86.Build.0 = Debug|Win32
		{4636F80D-7279-4094-AD67-7E33142E35F2}.Release|x64.ActiveCfg = Release|x64
		{4636F80D-7279-4094-AD67-7E33142E35F2}.Release|x64.Build.0 = Release|x64
		{4636F80D-7279-4094-AD67-7E33142E35F2}.Release|x86.ActiveCfg = Release|Win32
		{4636F80D-7279-4094-AD67-7E33142E35F2}.Release|x86.Build.0 = Release|Win32
		{9A7D50F5-0C2D-4B43-BE47-284C4F304EC5}.Debug|x64.ActiveCfg = Debug|x64
		{9A7D50F5-0C2D-4B43-BE47-284C4F304EC5}.Debug|x64.Build.0 = Debug|x64
		{9A7D50F5-0C2D-4B43-BE47-284C4F304EC5}.Debug|x86.ActiveCfg = Debug|Win32
		{9A7D50F5-0C2D-4B43-BE47-284C4F304EC5}.Debug|x86.Build.0 = Debug|Win32
		{9A7D50F5-0C2D-4B43-BE47-284C4F304EC5}.Release|x64.ActiveCfg = Release|x64
		{9A7D50F5-0C2D-4B43-BE47-284C4F304EC5}.Release|x64.Build.0 = Release|x64
		{9A7D50F5-0C2D-4B43-BE47-284C4F304EC5}.Release|x86.ActiveCfg = Release|Win32
		{9A7D50F5-0C2D-4B43-BE47-284C4F304EC5}.Release|x86.Build.0 = Release|Win32
		{5E24B164-A172-42A4-988D-D5F16C3C725A}.Debug|x64.ActiveCfg = Debug|x64
		{5E24B164-A172-42A4-988D-D5F16C3C725A}.Debug|x64.Build.0 = Debug|x64
		{5E24B164-A172-42A4-988D-D5F16C3C725A}.Debug|x86.ActiveCfg = Debug|Win32
		{5E24B164-A172-42A4-988D-D5F16C3C725A}.Debug|x86.Build.0 = Debug|Win32
		{5E24B164-A172-42A4-988D-D5F16C3C725A}.Release|x64.ActiveCfg = Release|x64
		{5E24B164-A172-42A4-988D-D5F16C3C725A}.Release|x64.Build.0 = Release|x64
		{5E24B164-A172-42A4-988D-D5F16C3C725A}.Release|x86.ActiveCfg = Release|Win32
		{5E24B164-A172-42A4-988D-D5F16C3C725A}.Release|x86.Build.0 = Release|Win32
		{861C6699-6BE4-40F9-AC8F-09F2B73304EB}.Debug|x64.ActiveCfg = Debug|x64
		{861C6699-6BE4-40F9-AC8F-09F2B73304EB}.Debug|x64.Build.0 = Debug|x64
		{861C6699-6BE4-40F9-AC8F-09F2B73304EB}.Debug|x86.ActiveCfg = Debug|Win32
		{861C6699-6BE4-40F9-AC8F-09F2B73304EB}.Debug|x86.Build.0 = Debug|Win32
		{861C6699-6BE4-40F9-AC8F-09F2B73304EB}.Release|x64.ActiveCfg = Release|x64
		{861C6699-6BE4-40F9-AC8F-09F2B73304EB}.Release|x64.Build.0 = Release|x64
		{861C6699-6BE4-40F9-AC8F-09F2B73304EB}.Release|x86.ActiveCfg = Release|Win32
		{861C6699-6BE4-40F9-AC8F-09F2B73304EB}.Release|x86.Build.0 = Release|Win32
		{722E2A55-95E0-47BF-9FFC-BED334ABC96A}.Debug|x64.ActiveCfg = Debug|x64
		{722E2A55-95E0-47BF-9FFC-BED334ABC96A}.Debug|x64.Build.0 = Debug|x64
		{722E2A55-95E0-47BF-9FFC-BED334ABC96A}.Debug|x86.ActiveCfg = Debug|Win32
		{722E2A55-95E0-47BF-9FFC-BED334ABC96A}.Debug|x86.Build.0 = Debug|Win32
		{722E2A55-95E0-47BF-9FFC-BED334ABC96A}.Release|x64.ActiveCfg = Release|x64
		{722E2A55-95E0-47BF-9FFC-BED334ABC96A}.Release|x64.Build.0 = Release|x64
		{722E2A55-95E0-47BF-9FFC-BED334ABC96A}.Release|x86.ActiveCfg = Release|Win32
		{722E2A55-95E0-47BF-9FFC-BED334ABC96A}.Release|x86.Build.0 = Release|Win32
		{85E6A8F7-8C7A-4810-892B-E50D1ED3381E}.Debug|x64.ActiveCfg = Debug|x64
		{85E6A8F7-8C7A-4810-892B-E50D1ED3381E}.Debug|x64.Build.0 = Debug|x64
		{85E6A8F7-8C7A-4810-892B-E50D1ED3381E}.Debug|x86.ActiveCfg = Debug|Win32
		{85E6A8F7-8C7A-4810-892B-E50D1ED3381E}.Debug|x86.Build.0 = Debug|Win32
		{85E6A8F7-8C7A-4810-892B-E50D1ED3381E}.Release|x64.ActiveCfg = Release|x64
		{85E6A8F7-8C7A-4810-892B-E50D1ED3381E}.Release|x64.Build.0 = Release|x64
		{85E6A8F7-8C7A-4810-892B-E50D1ED3381E}.Release|x86.ActiveCfg = Release|Win32
		{85E6A8F7-8C7A-4810-892B-E50D1ED3381E}.Release|x86.Build.0 = Release|Win32
		{09787D02-34F7-4DF7-956A-90C7F7418E42}.Debug|x64.ActiveCfg = Debug|x64
		{09787D02-34F7-4DF7-956A-90C7F7418E42}.Debug|x64.Build.0 = Debug|x64
		{09787D02-34F7-4DF7-956A-90C7F7418E42}.Debug|x86.ActiveCfg = Debug|Win32
		{09787D02-34F7-4DF7-956A-90C7F7418E42}.Debug|x86.Build.0 = Debug|Win32
		{09787D02-34F7-4DF7-956A-90C7F7418E42}.Release|x64.ActiveCfg = Release|x64
		{09787D02-34F7-4DF7-956A-90C7F7418E42}.Release|x64.Build.0 = Release|x64
		{09787D02-34F7-4DF7-956A-90C7F7418E42}.Release|x86.ActiveCfg = Release|Win32
		{09787D02-34F7-4DF7-956A-90C7F7418E42}.Release|x86.Build.0 = Release|Win32
		{F1E0F5B0-2453-4957-8AE8-1586CEB5D3AB}.Debug|x64.ActiveCfg = Debug|x64
		{F1E0F5B0-2453-4957-8AE8-1586CEB5D3AB}.Debug|x64.Build.0 = Debug|x64
		{F1E0F5B0-2453-4957-8AE8-1586CEB5D3AB}.Debug|x86.ActiveCfg = Debug|Win32
		{F1E0F5B0-2453-4957-8AE8-1586CEB5D3AB}.Debug|x86.Build.0 = Debug|Win32
		{F1E0F5B0-2453-4957-8AE8-1586CEB5D3AB}.Release|x64.ActiveCfg = Release|x64
		{F1E0F5B0-2453-4957-8AE8-1586CEB5D3AB}.Release|x64.Build.0 = Release|x64
		{F1E0F5B0-2453-4957-8AE8-1586CEB5D3AB}.Release|x86.ActiveCfg = Release|Win32
		{F1E0F5B0-2453-4957-8AE8-1586CEB5D3AB}.Release|x86.Build.0 = Release|Win32
		{E1F22E91-A6E6-48A1-B703-523D689CF287}.Debug|x64.ActiveCfg = Debug|x64
		{E1F22E91-A6E6-48A1-B703-523D689CF287}.Debug|x64.Build.0 = Debug|x64
		{E1F22E91-A6E6-48A1-B703-523D689CF287}.Debug|x86.ActiveCfg = Debug|Win32
		{E1F22E91-A6E6-48A1-B703-523D689CF287}.Debug|x86.Build.0 = Debug|Win32
		{E1F22E91-A6E6-48A1-B703-523D689CF287}.Release|x64.ActiveCfg = Release|x64
		{E1F22E91-A6E6-48A1-B703-523D689CF287}.Release|x64.Build.0 = Release|x64
		{E1F22E91-A6E6-48A1-B703-523D689CF287}.Release|x86.ActiveCfg = Release|Win32
		{E1F22E91-A6E6-48A1-B703-523D689CF287}.Release|x86.Build.0 = Release|Win32
		{6C79EB8C-F67A-469B-9158-7849C3DD6964}.Debug|x64.ActiveCfg = Debug|x64
		{6C79EB8C-F67A-469B-9158-7849C3DD6964}.Debug|x64.Build.0 = Debug|x64
		{6C79EB8C-F67A-469B-9158-7849C3DD6964}.Debug|x86.ActiveCfg = Debug|Win32
		{6C79EB8C-F67A-469B-9158-7849C3DD6964}.Debug|x86.Build.0 = Debug|Win32
		{6C79EB8C-F67A-469B-9158-7849C3DD6964}.Release|x64.ActiveCfg = Release|x64
		{6C79EB8C-F67A-469B-9158-7849C3DD6964}.Release|x64.Build.0 = Release|x64
		{6C79EB8C-F67A-469B-9158-7849C3DD6964}.Release|x86.ActiveCfg = Release|Win32
		{6C79EB8C-F67A-469B-9158-7849C3DD6964}.Release|x86.Build.0 = Release|Win32
		{EB946FAB-F187-40A8-B1D3-1B80FC586CDC}.Debug|x64.ActiveCfg = Debug|x64
		{EB946FAB-F187-40A8-B1D3-1B80FC586CDC}.Debug|x64.Build.0 = Debug|x64
		{EB946FAB-F187-40A8-B1D3-1B80FC586CDC}.Debug|x86.ActiveCfg = Debug|Win32
		{EB946FAB-F187-40A8-B1D3-1B80FC586CDC}.Debug|x86.Build.0 = Debug|Win32
		{EB946FAB-F187-40A8-B1D3-1B80FC586CDC}.Release|x64.ActiveCfg = Release|x64
		{EB946FAB-F187-40A8-B1D3-1B80FC586CDC}.Release|x64.Build.0 = Release|x64
		{EB946FAB-F187-40A8-B1D3-1B80FC586CDC}.Release|x86.ActiveCfg = Release|Win32
		{EB946FAB-F187-40A8-B1D3-1B80FC586CDC}.Release|x86.Build.0 = Release|Win32
		{7E9A1E85-F901-4773-8704-B4FDBA861545}.Debug|x64.ActiveCfg = Debug|x64
		{7E9A1E85-F901-4773-8704-B4FDBA861545}.Debug|x64.Build.0 = Debug|x64
		{7E9A1E85-F901-4773-8704-B4FDBA861545}.Debug|x86.ActiveCfg = Debug|Win32
		{7E9A1E85-F901-4773-8704-B4FDBA861545}.Debug|x86.Build.0 = Debug|Win32
		{7E9A1E85-F901-4773-8704-B4FDBA861545}.Release|x64.ActiveCfg = Release|x64
		{7E9A1E85-F901-4773-8704-B4FDBA861545}.Release|x64.Build.0 = Release|x64
		{7E9A1E85-F901-4773-8704-B4FDBA861545}.Release|x86.ActiveCfg = Release|Win32
		{7E9A1E85-F901-4773-8704-B4FDBA861545}.Release|x86.Build.0 = Release|Win32
		{245C0D10-BD1A-4A49-B824-F3F7F7CC52C5}.Debug|x64.ActiveCfg = Debug|x64
		{245C0D10-BD1A-4A49-B824-F3F7F7CC52C5}.Debug|x64.Build.0 = Debug|x64
		{245C0D10-BD1A-4A49-B824-F3F7F7CC52C5}.Debug|x86.ActiveCfg = Debug|Win32
		{245C0D10-BD1A-4A49-B824-F3F7F7CC52C5}.Debug|x86.Build.0 = Debug|Win32
		{245C0D10-BD1A-4A49-B824-F3F7F7CC52C5}.Release|x64.ActiveCfg = Release|x64
		{245C0D10-BD1A-4A49-B824-F3F7F7CC52C5}.Release|x64.Build.0 = Release|x64
		{245C0D10-BD1A-4A49-B824-F3F7F7CC52C5}.Release|x86.ActiveCfg = Release|Win32
		{245C0D10-BD1A-4A49-B824-F3F7F7CC52C5}.Release|x86.Build.0 = Release|Win32
		{318A2C28-374C-4FD1-8CCD-1F656C255B17}.Debug|x64.ActiveCfg = Debug|x64
		{318A2C28-374C-4FD1-8CCD-1F656C255B17}.Debug|x64.Build.0 = Debug|x64
		{318A2C28-374C-4FD1-8CCD-1F656C255B17}.Debug|x86.ActiveCfg = Debug|Win32
		{318A2C28-374C-4FD1-8CCD-1F656C255B17}.Debug|x86.Build.0 = Debug|Win32
		{318A2C28-374C-4FD1-8CCD-1F656C255B17}.Release|x64.ActiveCfg = Release|x64
		{318A2C28-374C-4FD1-8CCD-1F656C255B17}.Release|x64.Build.0 = Release|x64
		{318A2C28-374C-4FD1-8CCD-1F656C255B17}.Release|x86.ActiveCfg = Release|Win32
		{318A2C28-374C-4FD1-8CCD-1F656C255B17}.Release|x86.Build.0 = Release|Win32
		{B2DA6359-3E0D-4FEE-8A66-E0CB37C9F44F}.Debug|x64.ActiveCfg = Debug|x64
		{B2DA6359-3E0D-4FEE-8A66-E0CB37C9F44F}.Debug|x64.Build.0 = Debug|x64
		{B2DA6359-3E0D-4FEE-8A66-E0CB37C9F44F}.Debug|x86.ActiveCfg = Debug|Win32
		{B2DA6359-3E0D-4FEE-8A66-E0CB37C9F44F}.Debug|x86.Build.0 = Debug|Win32
		{B2DA6359-3E0D-4FEE-8A66-E0CB37C9F44F}.Release|x64.ActiveCfg = Release|x64
		{B2DA6359-3E0D-4FEE-8A66-E0CB37C9F44F}.Release|x64.Build.0 = Release|x64
		{B2DA6359-3E0D-4FEE-8A66-E0CB37C9F44F}.Release|x86.ActiveCfg = Release|Win32
		{B2DA6359-3E0D-4FEE-8A66-E0CB37C9F44F}.Release|x86.Build.0 = Release|Win32
		{B13BDFD6-AC3F-4B68-A860-4E42FB494BAC}.Debug|x64.ActiveCfg = Debug|x64
		{B13BDFD6-AC3F-4B68-A860-4E42FB494BAC}.Debug|x64.Build.0 = Debug|x64
		{B13BDFD6-AC3F-4B68-A860-4E42FB494BAC}.Debug|x86.ActiveCfg = Debug|Win32
		{B13BDFD6-AC3F-4B68-A860-4E42FB494BAC}.Debug|x86.Build.0 = Debug|Win32
		{B13BDFD6-AC3F-4B68-A860-4E42FB494BAC}.Release|x64.ActiveCfg = Release|x64
		{B13BDFD6-AC3F-4B68-A860-4E42FB494BAC}.Release|x64.Build.0 = Release|x64
		{B13BDFD6-AC3F-4B68-A860-4E42FB494BAC}.Release|x86.ActiveCfg = Release|Win32
		{B13BDFD6-AC3F-4B68-A860-4E42FB494BAC}.Release|x86.Build.0 = Release|Win32
		{A6FF2FAC-100B-42E1-9C40-1C7030E24AF6}.Debug|x64.ActiveCfg = Debug|x64
		{A6FF2FAC-100B-42E1-9C40-1C7030E24AF6}.Debug|x64.Build.0 = Debug|x64
		{A6FF2FAC-100B-42E1-9C40-1C7030E24AF6}.Debug|x86.ActiveCfg = Debug|Win32
		{A6FF2FAC-100B-42E1-9C40-1C7030E24AF6}.Debug|x86.Build.0 = Debug|Win32
		{A6FF2FAC-100B-42E1-9C40-1C7030E24AF6}.Release|x64.ActiveCfg = Release|x64
		{A6FF2FAC-100B-42E1-9C40-1C7030E24AF6}.Release|x64.Build.0 = Release|x64
		{A6FF2FAC-100B-42E1-9C40-1C7030E24AF6}.Release|x86.ActiveCfg = Release|Win32
		{A6FF2FAC-100B-42E1-9C40-1C7030E24AF6}.Release|x86.Build.0 = Release|Win32
		{F641812E-EAC6-4F4C-AC30-FD482011E195}.Debug|x64.ActiveCfg = Debug|x64
		{F641812E-EAC6-4F4C-AC30-FD482011E195}.Debug|x64.Build.0 = Debug|x64
		{F641812E-EAC6-4F4C-AC30-FD482011E195}.Debug|x86.ActiveCfg = Debug|Win32
		{F641812E-EAC6-4F4C-AC30-FD482011E195}.Debug|x86.Build.0 = Debug|Win32
		{F641812E-EAC6-4F4C-AC30-FD482011E195}.Release|x64.ActiveCfg = Release|x64
		{F641812E-EAC6-4F4C-AC30-FD482011E195}.Release|x64.Build.0 = Release|x64
		{F641812E-EAC6-4F4C-AC30-FD482011E195}.Release|x86.ActiveCfg = Release|Win32
		{F641812E-EAC6-4F4C-AC30-FD482011E195}.Release|x86.Build.0 = Release|Win32
		{594C592B-0BC8-4830-A530-E1E165812F17}.Debug|x64.ActiveCfg = Debug|x64
		{594C592B-0BC8-4830-A530-E1E165812F17}.Debug|x64.Build.0 = Debug|x64
		{594C592B-0BC8-4830-A530-E1E165812F17}.Debug|x86.ActiveCfg = Debug|Win32
		{594C592B-0BC8-4830-A530-E1E165812F17}.Debug|x86.Build.0 = Debug|Win32
		{594C592B-0BC8-4830-A530-E1E165812F17}.Release|x64.ActiveCfg = Release|x64
		{594C592B-0BC8-4830-A530-E1E165812F17}.Release|x64.Build.0 = Release|x64
		{594C592B-0BC8-4830-A530-E1E165812F17}.Release|x86.ActiveCfg = Release|Win32
		{594C592B-0BC8-4830-A530-E1E165812F17}.Release|x86.Build.0 = Release|Win32
		{89686168-309B-403D-BE24-32CD741FAFAF}.Debug|x64.ActiveCfg = Debug|x64
		{89686168-309B-403D-BE24-32CD741FAFAF}.Debug|x64.Build.0 = Debug|x64
		{89686168-309B-403D-BE24-32CD741FAFAF}.Debug|x86.ActiveCfg = Debug|Win32
		{89686168-309B-403D-BE24-32CD741FAFAF}.Debug|x86.Build.0 = Debug|Win32
		{89686168-309B-403D-BE24-32CD741FAFAF}.Release|x64.ActiveCfg = Release|x64
		{89686168-309B-403D-BE24-32CD741FAFAF}.Release|x64.Build.0 = Release|x64
		{89686168-309B-403D-BE24-32CD741FAFAF}.Release|x86.ActiveCfg = Release|Win32
		{89686168-309B-403D-BE24-32CD741FAFAF}.Release|x86.Build.0 = Release|Win32
		{FC14FB97-0DB0-4693-81EC-798BDC475B8A}.Debug|x64.ActiveCfg = Debug|x64
		{FC14FB97-0DB0-4693-81EC-798BDC475B8A}.Debug|x64.Build.0 = Debug|x64
		{FC14FB97-0DB0-4693-81EC-798BDC475B8A}.Debug|x86.ActiveCfg = Debug|Win32
		{FC14FB97-0DB0-4693-81EC-798BDC475B8A}.Debug|x86.Build.0 = Debug|Win32
		{FC14FB97-0DB0-4693-81EC-798BDC475B8A}.Release|x64.ActiveCfg = Release|x64
		{FC14FB97-0DB0-4693-81EC-798BDC475B8A}.Release|x64.Build.0 = Release|x64
		{FC14FB97-0DB0-4693-81EC-798BDC475B8A}.Release|x86.ActiveCfg = Release|Win32
		{FC14FB97-0DB0-4693-81EC-798BDC475B8A}.Release|x86.Build.0 = Release|Win32
		{DC6CF657-487C-4C8B-B8FD-4FF1CC904BF2}.Debug|x64.ActiveCfg = Debug|x64
		{DC6CF657-487C-4C8B-B8FD-4FF1CC904BF2}.Debug|x64.Build.0 = Debug|x64
		{DC6CF657-487C-4C8B-B8FD-4FF1CC904BF2}.Debug|x86.ActiveCfg = Debug|Win32
		{DC6CF657-487C-4C8B-B8FD-4FF1CC904BF2}.Debug|x86.Build.0 = Debug|Win32
		{DC6CF657-487C-4C8B-B8FD-4FF1CC904BF2}.Release|x64.ActiveCfg = Release|x64
		{DC6CF657-487C-4C8B-B8FD-4FF1CC904BF2}.Release|x64.Build.0 = Release|x64
		{DC6CF657-487C-4C8B-B8FD-4FF1CC904BF2}.Release|x86.ActiveCfg = Release|Win32
		{DC6CF657-487C-4C8B-B8FD-4FF1CC904BF2}.Release|x86.Build.0 = Release|Win32
		{97655BD6-A16B-4673-803D-A2B646881E5E}.Debug|x64.ActiveCfg = Debug|x64
		{97655BD6-A16B-4673-803D-A2B646881E5E}.Debug|x64.Build.0 = Debug|x64
		{97655BD6-A16B-4673-803D-A2B646881E5E}.Debug|x86.ActiveCfg = Debug|Win32
		{97655BD6-A16B-4673-803D-A2B646881E5E}.Debug|x86.Build.0 = Debug|Win32
		{97655BD6-A16B-4673-803D-A2B646881E5E}.Release|x64.ActiveCfg = Release|x64
		{97655BD6-A16B-4673-803D-A2B646881E5E}.Release|x64.Build.0 = Release|x64
		{97655BD6-A16B-4673-803D-A2B646881E5E}.Release|x86.ActiveCfg = Release|Win32
		{97655BD6-A16B-4673-803D-A2B646881E5E}.Release|x86.Build.0 = Release|Win32
		{B5FEEE7D-D258-4C55-A3FD-0F65C2314D5F}.Debug|x64.ActiveCfg = Debug|x64
		{B5FEEE7D-D258-4C55-A3FD-0F65C2314D5F}.Debug|x64.Build.0 = Debug|x64
		{B5FEEE7D-D258-4C55-A3FD-0F65C2314D5F}.Debug|x86.ActiveCfg = Debug|Win32
		{B5FEEE7D-D258-4C55-A3FD-0F65C2314D5F}.Debug|x86.Build.0 = Debug|Win32
		{B5FEEE7D-D258-4C55-A3FD-0F65C2314D5F}.Release|x64.ActiveCfg = Release|x64
		{B5FEEE7D-D258-4C55-A3FD-0F65C2314D5F}.Release|x64.Build.0 = Release|x64
		{B5FEEE7D-D258-4C55-A3FD-0F65C2314D5F}.Release|x86.ActiveCfg = Release|Win32
		{B5FEEE7D-D258-4C55-A3FD-0F65C2314D5F}.Release|x86.Build.0 = Release|Win32
		{463984B9-813C-4337-ABBF-55ED0712B12F}.Debug|x64.ActiveCfg = Debug|x64
		{463984B9-813C-4337-ABBF-55ED0712B12F}.Debug|x64.Build.0 = Debug|x64
		{463984B9-813C-4337-ABBF-55ED0712B12F}.Debug|x86.ActiveCfg = Debug|Win32
		{463984B9-813C-4337-ABBF-55ED0712B12F}.Debug|x86.Build.0 = Debug|Win32
		{463984B9-813C-4337-ABBF-55ED0712B12F}.Release|x64.ActiveCfg = Release|x64
		{463984B9-813C-4337-ABBF-55ED0712B12F}.Release|x64.Build.0 = Release|x64
		{463984B9-813C-4337-ABBF-55ED0712B12F}.Release|x86.ActiveCfg = Release|Win32
		{463984B9-813C-4337-ABBF-55ED0712B12F}.Release|x86.Build.0 = Release|Win32
		{0E2F7B68-846B-4CAC-8DEC-B844B272864F}.Debug|x64.ActiveCfg = Debug|x64
		{0E2F7B68-846B-4CAC-8DEC-B844B272864F}.Debug|x64.Build.0 = Debug|x64
		{0E2F7B68-846B-4CAC-8DEC-B844B272864F}.Debug|x86.ActiveCfg = Debug|Win32
		{0E2F7B68-846B-4CAC-8DEC-B844B272864F}.Debug|x86.Build.0 = Debug|Win32
		{0E2F7B68-846B-4CAC-8DEC-B844B272864F}.Release|x64.ActiveCfg = Release|x64
		{0E2F7B68-846B-4CAC-8DEC-B844B272864F}.Release|x64.Build.0 = Release|x64
		{0E2F7B68-846B-4CAC-8DEC-B844B272864F}.Release|x86.ActiveCfg = Release|Win32
		{0E2F7B68-846B-4CAC-8DEC-B844B272864F}.Release|x86.Build.0 = Release|Win32
		{ECC2C4B0-643E-47B6-9722-BFD9D576FE57}.Debug|x64.ActiveCfg = Debug|x64
		{ECC2C4B0-643E-47B6-9722-BFD9D576FE57}.Debug|x64.Build.0 = Debug|x64
		{ECC2C4B0-643E-47B6-9722-BFD9D576FE57}.Debug|x86.ActiveCfg = Debug|Win32
		{ECC2C4B0-643E-47B6-9722-BFD9D576FE57}.Debug|x86.Build.0 = Debug|Win32
		{ECC2C4B0-643E-47B6-9722-BFD9D576FE57}.Release|x64.ActiveCfg = Release|x64
		{ECC2C4B0-643E-47B6-9722-BFD9D576FE57}.Release|x64.Build.0 = Release|x64
		{ECC2C4B0-643E-47B6-9722-BFD9D576FE57}.Release|x86.ActiveCfg = Release|Win32
		{ECC2C4B0-643E-47B6-9722-BFD9D576FE57}.Release|x86.Build.0 = Release|Win32
		{D8E5EE85-BBDB-4A2C-95A1-5186FC604E9D}.Debug|x64.ActiveCfg = Debug|x64
		{D8E5EE85-BBDB-4A2C-95A1-5186FC604E9D}.Debug|x64.Build.0 = Debug|x64
		{D8E5EE85-BBDB-4A2C-95A1-5186FC604E9D}.Debug|x86.ActiveCfg = Debug|Win32
		{D8E5EE85-BBDB-4A2C-95A1-5186FC604E9D}.Debug|x86.Build.0 = Debug|Win32
		{D8E5EE85-BBDB-4A2C-95A1-5186FC604E9D}.Release|x64.ActiveCfg = Release|x64
		{D8E5EE85-BBDB-4A2C-95A1-5186FC604E9D}.Release|x64.Build.0 = Release|x64
		{D8E5EE85-BBDB-4A2C-95A1-5186FC604E9D}.Release|x86.ActiveCfg = Release|Win32
		{D8E5EE85-BBDB-4A2C-95A1-5186FC604E9D}.Release|x86.Build.0 = Release|Win32
		{4008C914-1A00-451A-89C2-A43C811430DA}.Debug|x64.ActiveCfg = Debug|x64
		{4008C914-1A00-451A-89C2-A43C811430DA}.Debug|x64.Build.0 = Debug|x64
		{4008C914-1A00-451A-89C2-A43C811430DA}.Debug|x86.ActiveCfg = Debug|Win32
		{4008C914-1A00-451A-89C2-A43C811430DA}.Debug|x86.Build.0 = Debug|Win32
		{4008C914-1A00-451A-89C2-A43C811430DA}.Release|x64.ActiveCfg = Release|x64
		{4008C914-1A00-451A-89C2-A43C811430DA}.Release|x64.Build.0 = Release|x64
		{4008C914-1A00-451A-89C2-A43C811430DA}.Release|x86.ActiveCfg = Release|Win32
		{4008C914-1A00-451A-89C2-A43C811430DA}.Release|x86.Build.0 = Release|Win32
	EndGlobalSection
	GlobalSection(SolutionProperties) = preSolution
		HideSolutionNode = FALSE
	EndGlobalSection
	GlobalSection(NestedProjects) = preSolution
		{7E9A1E85-F901-4773-8704-B4FDBA861545} = {D4172AEA-F592-40D2-8F0A-785541B73A35}
		{318A2C28-374C-4FD1-8CCD-1F656C255B17} = {D4172AEA-F592-40D2-8F0A-785541B73A35}
		{B2DA6359-3E0D-4FEE-8A66-E0CB37C9F44F} = {D4172AEA-F592-40D2-8F0A-785541B73A35}
		{B13BDFD6-AC3F-4B68-A860-4E42FB494BAC} = {D4172AEA-F592-40D2-8F0A-785541B73A35}
		{A6FF2FAC-100B-42E1-9C40-1C7030E24AF6} = {D4172AEA-F592-40D2-8F0A-785541B73A35}
		{F641812E-EAC6-4F4C-AC30-FD482011E195} = {D4172AEA-F592-40D2-8F0A-785541B73A35}
		{594C592B-0BC8-4830-A530-E1E165812F17} = {D4172AEA-F592-40D2-8F0A-785541B73A35}
		{89686168-309B-403D-BE24-32CD741FAFAF} = {D4172AEA-F592-40D2-8F0A-785541B73A35}
		{FC14FB97-0DB0-4693-81EC-798BDC475B8A} = {D4172AEA-F592-40D2-8F0A-785541B73A35}
		{DC6CF657-487C-4C8B-B8FD-4FF1CC904BF2} = {D4172AEA-F592-40D2-8F0A-785541B73A35}
		{97655BD6-A16B-4673-803D-A2B646881E5E} = {D4172AEA-F592-40D2-8F0A-785541B73A35}
		{B5FEEE7D-D258-4C55-A3FD-0F65C2314D5F} = {D4172AEA-F592-40D2-8F0A-785541B73A35}
		{463984B9-813C-4337-ABBF-55ED0712B12F} = {D4172AEA-F592-40D2-8F0A-785541B73A35}
		{0E2F7B68-846B-4CAC-8DEC-B844B272864F} = {400E0F32-EBE9-4089-B595-93DC3937BD70}
		{ECC2C4B0-643E-47B6-9722-BFD9D576FE57} = {BF30D930-03E7-44D6-840E-6D56BE38E9F2}
		{D8E5EE85-BBDB-4A2C-95A1-5186FC604E9D} = {BF30D930-03E7-44D6-840E-6D56BE38E9F2}
		{4008C914-1A00-451A-89C2-A43C811430DA} = {D4172AEA-F592-40D2-8F0A-785541B73A35}
	EndGlobalSection
	GlobalSection(ExtensibilityGlobals) = postSolution
		SolutionGuid = {CE125964-F07B-47AB-B02C-9A226EDF47A1}
	EndGlobalSection
EndGlobal
